{
  "pins" : [
    {
      "identity" : "progresshud",
      "kind" : "remoteSourceControl",
      "location" : "https://github.com/relatedcode/ProgressHUD.git",
      "state" : {
        "revision" : "01b56b31d61512d900b58cb7ac1479509bd7170f",
        "version" : "13.7.2"
      }
    }
  ],
  "version" : 2
}
