{
  "pins" : [
    {
      "identity" : "passguard",
      "kind" : "remoteSourceControl",
      "location" : "https://github.com/mehrankmlf/PassGuard/",
      "state" : {
        "revision" : "5aa0b039853ed77e2436c315aadeaee3cabda26b",
        "version" : "1.0.8"
      }
    }
  ],
  "version" : 2
}
